
Microsoft Visual Studio Solution File, Format Version 12.00
# Visual Studio 2013
VisualStudioVersion = 12.0.40629.0
MinimumVisualStudioVersion = 10.0.40219.1
Project("{FAE04EC0-301F-11D3-BF4B-00C04F79EFBC}") = "EditorTemplates-Samples", "EditorTemplates-Samples\EditorTemplates-Samples.csproj", "{623FA6A2-0432-418E-9982-AD3D7028A1B2}"
EndProject
Global
	GlobalSection(SolutionConfigurationPlatforms) = preSolution
		Debug|Any CPU = Debug|Any CPU
		Release|Any CPU = Release|Any CPU
	EndGlobalSection
	GlobalSection(ProjectConfigurationPlatforms) = postSolution
		{623FA6A2-0432-418E-9982-AD3D7028A1B2}.Debug|Any CPU.ActiveCfg = Debug|Any CPU
		{623FA6A2-0432-418E-9982-AD3D7028A1B2}.Debug|Any CPU.Build.0 = Debug|Any CPU
		{623FA6A2-0432-418E-9982-AD3D7028A1B2}.Release|Any CPU.ActiveCfg = Release|Any CPU
		{623FA6A2-0432-418E-9982-AD3D7028A1B2}.Release|Any CPU.Build.0 = Release|Any CPU
	EndGlobalSection
	GlobalSection(SolutionProperties) = preSolution
		HideSolutionNode = FALSE
	EndGlobalSection
EndGlobal
